{
  "object": {
    "pins": [
      {
        "package": "libwebp",
        "repositoryURL": "https://github.com/SDWebImage/libwebp-Xcode.git",
        "state": {
          "branch": null,
          "revision": "2b3b43faaef54d1b897482428428357b7f7cd08b",
          "version": "1.2.1"
        }
      },
      {
        "package": "SDWebImage",
        "repositoryURL": "https://github.com/SDWebImage/SDWebImage.git",
        "state": {
          "branch": null,
          "revision": "02283906996de3de7e582c885d98e4aff60f18b0",
          "version": "5.12.4"
        }
      },
      {
        "package": "SDWebImageSwiftUI",
        "repositoryURL": "https://github.com/SDWebImage/SDWebImageSwiftUI.git",
        "state": {
          "branch": null,
          "revision": "cd8625b7cf11a97698e180d28bb7d5d357196678",
          "version": "2.0.2"
        }
      },
      {
        "package": "SDWebImageWebPCoder",
        "repositoryURL": "https://github.com/SDWebImage/SDWebImageWebPCoder.git",
        "state": {
          "branch": null,
          "revision": "95a6838df13bc08d8064cf7e048b787b6e52348d",
          "version": "0.8.4"
        }
      }
    ]
  },
  "version": 1
}
